
Microsoft Visual Studio Solution File, Format Version 12.00
# Visual Studio 15
VisualStudioVersion = 15.0.28307.757
MinimumVisualStudioVersion = 10.0.40219.1
Project("{159641D6-6404-4A2A-AE62-294DE0FE8301}") = "SSIS_Project", "SSIS_Project\SSIS_Project.dtproj", "{36053ED9-DD7D-4B03-9272-340370C7C3C7}"
EndProject
Global
	GlobalSection(SolutionConfigurationPlatforms) = preSolution
		Development|Default = Development|Default
	EndGlobalSection
	GlobalSection(ProjectConfigurationPlatforms) = postSolution
		{36053ED9-DD7D-4B03-9272-340370C7C3C7}.Development|Default.ActiveCfg = Development
		{36053ED9-DD7D-4B03-9272-340370C7C3C7}.Development|Default.Build.0 = Development
	EndGlobalSection
	GlobalSection(SolutionProperties) = preSolution
		HideSolutionNode = FALSE
	EndGlobalSection
	GlobalSection(ExtensibilityGlobals) = postSolution
		SolutionGuid = {797B4322-F8B5-4D1F-9EC3-C048F77E16A5}
	EndGlobalSection
EndGlobal
